
Microsoft Visual Studio Solution File, Format Version 12.00
# Visual Studio Version 17
VisualStudioVersion = 17.8.34525.116
MinimumVisualStudioVersion = 10.0.40219.1
Project("{9A19103F-16F7-4668-BE54-9A1E7A4F7556}") = "BugDefender.OpenGL", "BugDefender.OpenGL\BugDefender.OpenGL.csproj", "{C6149459-B45C-4EF6-8C33-932E1E22B3FA}"
EndProject
Project("{9A19103F-16F7-4668-BE54-9A1E7A4F7556}") = "BugDefender.Core", "BugDefender.Core\BugDefender.Core.csproj", "{D5097E1B-1178-41EF-A554-BD4AED7F81A4}"
EndProject
Project("{2150E333-8FDC-42A3-9474-1A3956D46DE8}") = "Solution Items", "Solution Items", "{233BAAAB-DFB6-46A6-87AC-64DADCB2A0B0}"
	ProjectSection(SolutionItems) = preProject
		.editorconfig = .editorconfig
		.gitignore = .gitignore
		.github\workflows\build.yml = .github\workflows\build.yml
		inno.iss = inno.iss
		.github\workflows\publish.yml = .github\workflows\publish.yml
		README.md = README.md
		sgKey.snk = sgKey.snk
	EndProjectSection
EndProject
Project("{9A19103F-16F7-4668-BE54-9A1E7A4F7556}") = "BugDefender.Core.Tests", "BugDefender.Core.Tests\BugDefender.Core.Tests.csproj", "{0FE81B40-FA10-492B-A436-7A2BEE52A9AF}"
EndProject
Project("{2150E333-8FDC-42A3-9474-1A3956D46DE8}") = "Toolkit", "Toolkit", "{E5EB4C36-9C55-484C-8066-A1D4CFEE19F1}"
EndProject
Project("{9A19103F-16F7-4668-BE54-9A1E7A4F7556}") = "ModChecker", "Toolkit\ModChecker\ModChecker.csproj", "{B61229D5-DABA-497B-8036-174BD869C3BB}"
EndProject
Project("{9A19103F-16F7-4668-BE54-9A1E7A4F7556}") = "BugDefender.OpenGL.Engine", "BugDefender.OpenGL.Engine\BugDefender.OpenGL.Engine.csproj", "{4ED05166-0491-4877-82D4-2171A78F22CD}"
EndProject
Project("{9A19103F-16F7-4668-BE54-9A1E7A4F7556}") = "BugDefender.Tools", "BugDefender.Tools\BugDefender.Tools.csproj", "{C679CE63-4C30-4725-8EF1-05D239CAC589}"
EndProject
Project("{9A19103F-16F7-4668-BE54-9A1E7A4F7556}") = "MapDesigner", "Toolkit\MapDesigner\MapDesigner.csproj", "{78DA1079-0F24-4A50-A076-639AC81C35C8}"
EndProject
Project("{9A19103F-16F7-4668-BE54-9A1E7A4F7556}") = "CampaignDesigner", "Toolkit\CampaignDesigner\CampaignDesigner.csproj", "{6A0B9630-511E-4C0E-94A1-BF25DE47BEB7}"
EndProject
Project("{FAE04EC0-301F-11D3-BF4B-00C04F79EFBC}") = "GameStyleDesigner", "Toolkit\GameStyleDesigner\GameStyleDesigner.csproj", "{2307CC56-E8E9-4F3C-A647-63C1EE3B4092}"
EndProject
Global
	GlobalSection(SolutionConfigurationPlatforms) = preSolution
		Debug|Any CPU = Debug|Any CPU
		Release|Any CPU = Release|Any CPU
	EndGlobalSection
	GlobalSection(ProjectConfigurationPlatforms) = postSolution
		{C6149459-B45C-4EF6-8C33-932E1E22B3FA}.Debug|Any CPU.ActiveCfg = Debug|Any CPU
		{C6149459-B45C-4EF6-8C33-932E1E22B3FA}.Debug|Any CPU.Build.0 = Debug|Any CPU
		{C6149459-B45C-4EF6-8C33-932E1E22B3FA}.Release|Any CPU.ActiveCfg = Release|Any CPU
		{C6149459-B45C-4EF6-8C33-932E1E22B3FA}.Release|Any CPU.Build.0 = Release|Any CPU
		{D5097E1B-1178-41EF-A554-BD4AED7F81A4}.Debug|Any CPU.ActiveCfg = Debug|Any CPU
		{D5097E1B-1178-41EF-A554-BD4AED7F81A4}.Debug|Any CPU.Build.0 = Debug|Any CPU
		{D5097E1B-1178-41EF-A554-BD4AED7F81A4}.Release|Any CPU.ActiveCfg = Release|Any CPU
		{D5097E1B-1178-41EF-A554-BD4AED7F81A4}.Release|Any CPU.Build.0 = Release|Any CPU
		{0FE81B40-FA10-492B-A436-7A2BEE52A9AF}.Debug|Any CPU.ActiveCfg = Debug|Any CPU
		{0FE81B40-FA10-492B-A436-7A2BEE52A9AF}.Debug|Any CPU.Build.0 = Debug|Any CPU
		{0FE81B40-FA10-492B-A436-7A2BEE52A9AF}.Release|Any CPU.ActiveCfg = Release|Any CPU
		{0FE81B40-FA10-492B-A436-7A2BEE52A9AF}.Release|Any CPU.Build.0 = Release|Any CPU
		{B61229D5-DABA-497B-8036-174BD869C3BB}.Debug|Any CPU.ActiveCfg = Debug|Any CPU
		{B61229D5-DABA-497B-8036-174BD869C3BB}.Debug|Any CPU.Build.0 = Debug|Any CPU
		{B61229D5-DABA-497B-8036-174BD869C3BB}.Release|Any CPU.ActiveCfg = Release|Any CPU
		{B61229D5-DABA-497B-8036-174BD869C3BB}.Release|Any CPU.Build.0 = Release|Any CPU
		{4ED05166-0491-4877-82D4-2171A78F22CD}.Debug|Any CPU.ActiveCfg = Debug|Any CPU
		{4ED05166-0491-4877-82D4-2171A78F22CD}.Debug|Any CPU.Build.0 = Debug|Any CPU
		{4ED05166-0491-4877-82D4-2171A78F22CD}.Release|Any CPU.ActiveCfg = Release|Any CPU
		{4ED05166-0491-4877-82D4-2171A78F22CD}.Release|Any CPU.Build.0 = Release|Any CPU
		{C679CE63-4C30-4725-8EF1-05D239CAC589}.Debug|Any CPU.ActiveCfg = Debug|Any CPU
		{C679CE63-4C30-4725-8EF1-05D239CAC589}.Debug|Any CPU.Build.0 = Debug|Any CPU
		{C679CE63-4C30-4725-8EF1-05D239CAC589}.Release|Any CPU.ActiveCfg = Release|Any CPU
		{C679CE63-4C30-4725-8EF1-05D239CAC589}.Release|Any CPU.Build.0 = Release|Any CPU
		{78DA1079-0F24-4A50-A076-639AC81C35C8}.Debug|Any CPU.ActiveCfg = Debug|Any CPU
		{78DA1079-0F24-4A50-A076-639AC81C35C8}.Debug|Any CPU.Build.0 = Debug|Any CPU
		{78DA1079-0F24-4A50-A076-639AC81C35C8}.Release|Any CPU.ActiveCfg = Release|Any CPU
		{78DA1079-0F24-4A50-A076-639AC81C35C8}.Release|Any CPU.Build.0 = Release|Any CPU
		{6A0B9630-511E-4C0E-94A1-BF25DE47BEB7}.Debug|Any CPU.ActiveCfg = Debug|Any CPU
		{6A0B9630-511E-4C0E-94A1-BF25DE47BEB7}.Debug|Any CPU.Build.0 = Debug|Any CPU
		{6A0B9630-511E-4C0E-94A1-BF25DE47BEB7}.Release|Any CPU.ActiveCfg = Release|Any CPU
		{6A0B9630-511E-4C0E-94A1-BF25DE47BEB7}.Release|Any CPU.Build.0 = Release|Any CPU
		{2307CC56-E8E9-4F3C-A647-63C1EE3B4092}.Debug|Any CPU.ActiveCfg = Debug|Any CPU
		{2307CC56-E8E9-4F3C-A647-63C1EE3B4092}.Debug|Any CPU.Build.0 = Debug|Any CPU
		{2307CC56-E8E9-4F3C-A647-63C1EE3B4092}.Release|Any CPU.ActiveCfg = Release|Any CPU
		{2307CC56-E8E9-4F3C-A647-63C1EE3B4092}.Release|Any CPU.Build.0 = Release|Any CPU
	EndGlobalSection
	GlobalSection(SolutionProperties) = preSolution
		HideSolutionNode = FALSE
	EndGlobalSection
	GlobalSection(NestedProjects) = preSolution
		{B61229D5-DABA-497B-8036-174BD869C3BB} = {E5EB4C36-9C55-484C-8066-A1D4CFEE19F1}
		{78DA1079-0F24-4A50-A076-639AC81C35C8} = {E5EB4C36-9C55-484C-8066-A1D4CFEE19F1}
		{6A0B9630-511E-4C0E-94A1-BF25DE47BEB7} = {E5EB4C36-9C55-484C-8066-A1D4CFEE19F1}
		{2307CC56-E8E9-4F3C-A647-63C1EE3B4092} = {E5EB4C36-9C55-484C-8066-A1D4CFEE19F1}
	EndGlobalSection
	GlobalSection(ExtensibilityGlobals) = postSolution
		SolutionGuid = {0A76B377-BEEF-4C90-B10A-66A12CD12436}
	EndGlobalSection
EndGlobal
